
Microsoft Visual Studio Solution File, Format Version 12.00
# Visual Studio 15
VisualStudioVersion = 15.0.26430.15
MinimumVisualStudioVersion = 10.0.40219.1
Project("{9A19103F-16F7-4668-BE54-9A1E7A4F7556}") = "TeamCity.MSBuild.Logger", "proj1.csproj", "{71557836-EE1B-4027-B196-F70AEAE3ECBB}"
EndProject
Project("{9A19103F-16F7-4668-BE54-9A1E7A4F7556}") = "TeamCity.MSBuild.Logger.Tests", "dir2\proj2.csproj", "{7ED24502-C598-4388-B775-D29E6F496010}"
EndProject
Project("{2150E333-8FDC-42A3-9474-1A3956D46DE8}") = "Solution Items", "Solution Items", "{07E124E1-8B41-45BF-8FA4-6EFD47927E4E}"
	ProjectSection(SolutionItems) = preProject
		build.proj = build.proj
	EndProjectSection
EndProject
Global
	GlobalSection(SolutionConfigurationPlatforms) = preSolution
		Debug|Any CPU = Debug|Any CPU
		Release|Any CPU = Release|Any CPU
	EndGlobalSection
	GlobalSection(ProjectConfigurationPlatforms) = postSolution
		{71557836-EE1B-4027-B196-F70AEAE3ECBB}.Debug|Any CPU.ActiveCfg = Debug|Any CPU
		{71557836-EE1B-4027-B196-F70AEAE3ECBB}.Debug|Any CPU.Build.0 = Debug|Any CPU
		{71557836-EE1B-4027-B196-F70AEAE3ECBB}.Release|Any CPU.ActiveCfg = Release|Any CPU
		{71557836-EE1B-4027-B196-F70AEAE3ECBB}.Release|Any CPU.Build.0 = Release|Any CPU
		{7ED24502-C598-4388-B775-D29E6F496010}.Debug|Any CPU.ActiveCfg = Debug|Any CPU
		{7ED24502-C598-4388-B775-D29E6F496010}.Debug|Any CPU.Build.0 = Debug|Any CPU
		{7ED24502-C598-4388-B775-D29E6F496010}.Release|Any CPU.ActiveCfg = Release|Any CPU
		{7ED24502-C598-4388-B775-D29E6F496010}.Release|Any CPU.Build.0 = Release|Any CPU
	EndGlobalSection
	GlobalSection(SolutionProperties) = preSolution
		HideSolutionNode = FALSE
	EndGlobalSection
EndGlobal
