
Microsoft Visual Studio Solution File, Format Version 12.00
Project("{FAE04EC0-301F-11D3-BF4B-00C04F79EFBC}") = "TeamCity.Dotnet.Plugin.Agent.AssemblyLevelTestFilter", "TeamCity.Dotnet.Plugin.Agent.AssemblyLevelTestFilter\TeamCity.Dotnet.Plugin.Agent.AssemblyLevelTestFilter.csproj", "{9F8ECDF0-A7C8-41F6-B5B9-9808F9A4982C}"
EndProject
Project("{FAE04EC0-301F-11D3-BF4B-00C04F79EFBC}") = "TeamCity.Dotnet.Plugin.Agent.AssemblyLevelTestFilter.UnitTests", "..\..\..\test\csharp\TeamCity.Dotnet.Plugin.Agent\TeamCity.Dotnet.Plugin.Agent.AssemblyLevelTestFilter.UnitTests\TeamCity.Dotnet.Plugin.Agent.AssemblyLevelTestFilter.UnitTests.csproj", "{24185B2F-D433-412B-B711-529544796507}"
EndProject
Project("{FAE04EC0-301F-11D3-BF4B-00C04F79EFBC}") = "TeamCity.Dotnet.Plugin.Agent.AssemblyLevelTestFilter.IntegrationTests", "..\..\..\test\csharp\TeamCity.Dotnet.Plugin.Agent\TeamCity.Dotnet.Plugin.Agent.AssemblyLevelTestFilter.IntegrationTests\TeamCity.Dotnet.Plugin.Agent.AssemblyLevelTestFilter.IntegrationTests.csproj", "{7C2DE89C-EA6E-4B43-939B-60B49EA56B45}"
EndProject
Global
	GlobalSection(SolutionConfigurationPlatforms) = preSolution
		Debug|Any CPU = Debug|Any CPU
		Release|Any CPU = Release|Any CPU
	EndGlobalSection
	GlobalSection(ProjectConfigurationPlatforms) = postSolution
		{9F8ECDF0-A7C8-41F6-B5B9-9808F9A4982C}.Debug|Any CPU.ActiveCfg = Debug|Any CPU
		{9F8ECDF0-A7C8-41F6-B5B9-9808F9A4982C}.Debug|Any CPU.Build.0 = Debug|Any CPU
		{9F8ECDF0-A7C8-41F6-B5B9-9808F9A4982C}.Release|Any CPU.ActiveCfg = Release|Any CPU
		{9F8ECDF0-A7C8-41F6-B5B9-9808F9A4982C}.Release|Any CPU.Build.0 = Release|Any CPU
		{24185B2F-D433-412B-B711-529544796507}.Debug|Any CPU.ActiveCfg = Debug|Any CPU
		{24185B2F-D433-412B-B711-529544796507}.Debug|Any CPU.Build.0 = Debug|Any CPU
		{24185B2F-D433-412B-B711-529544796507}.Release|Any CPU.ActiveCfg = Release|Any CPU
		{24185B2F-D433-412B-B711-529544796507}.Release|Any CPU.Build.0 = Release|Any CPU
		{7C2DE89C-EA6E-4B43-939B-60B49EA56B45}.Debug|Any CPU.ActiveCfg = Debug|Any CPU
		{7C2DE89C-EA6E-4B43-939B-60B49EA56B45}.Debug|Any CPU.Build.0 = Debug|Any CPU
		{7C2DE89C-EA6E-4B43-939B-60B49EA56B45}.Release|Any CPU.ActiveCfg = Release|Any CPU
		{7C2DE89C-EA6E-4B43-939B-60B49EA56B45}.Release|Any CPU.Build.0 = Release|Any CPU
	EndGlobalSection
EndGlobal
